{
  "name": "mini-vue-21",
  "version": "1.0.0",
  "lockfileVersion": 1,
  "requires": true,
  "dependencies": {
    "@babel/helper-validator-identifier": {
      "version": "7.12.11",
      "resolved": "https://registry.npm.taobao.org/@babel/helper-validator-identifier/download/@babel/helper-validator-identifier-7.12.11.tgz",
      "integrity": "sha1-yaHwIZF9y1zPDU5FPjmQIpgfye0="
    },
    "@babel/parser": {
      "version": "7.13.13",
      "resolved": "https://registry.npm.taobao.org/@babel/parser/download/@babel/parser-7.13.13.tgz",
      "integrity": "sha1-QvA4YvSu1QRh5UMnCRa0fdUB8N8="
    },
    "@babel/types": {
      "version": "7.13.13",
      "resolved": "https://registry.npm.taobao.org/@babel/types/download/@babel/types-7.13.13.tgz?cache=0&sync_timestamp=1616793809848&other_urls=https%3A%2F%2Fregistry.npm.taobao.org%2F%40babel%2Ftypes%2Fdownload%2F%40babel%2Ftypes-7.13.13.tgz",
      "integrity": "sha1-3Ni4FbOPU3o2l86EyOPMYhl9+W8=",
      "requires": {
        "@babel/helper-validator-identifier": "^7.12.11",
        "lodash": "^4.17.19",
        "to-fast-properties": "^2.0.0"
      }
    },
    "@vue/compiler-core": {
      "version": "3.0.9",
      "resolved": "https://registry.npm.taobao.org/@vue/compiler-core/download/@vue/compiler-core-3.0.9.tgz",
      "integrity": "sha1-7H76Z2iJruAG/ENznuSmepUqxiM=",
      "requires": {
        "@babel/parser": "^7.12.0",
        "@babel/types": "^7.12.0",
        "@vue/shared": "3.0.9",
        "estree-walker": "^2.0.1",
        "source-map": "^0.6.1"
      },
      "dependencies": {
        "source-map": {
          "version": "0.6.1",
          "resolved": "https://registry.npm.taobao.org/source-map/download/source-map-0.6.1.tgz",
          "integrity": "sha1-dHIq8y6WFOnCh6jQu95IteLxomM="
        }
      }
    },
    "@vue/compiler-dom": {
      "version": "3.0.9",
      "resolved": "https://registry.npm.taobao.org/@vue/compiler-dom/download/@vue/compiler-dom-3.0.9.tgz",
      "integrity": "sha1-H9VUCX2as27Kc7xtDZYH/s+U5xw=",
      "requires": {
        "@vue/compiler-core": "3.0.9",
        "@vue/shared": "3.0.9"
      }
    },
    "@vue/reactivity": {
      "version": "3.0.11",
      "resolved": "https://registry.npm.taobao.org/@vue/reactivity/download/@vue/reactivity-3.0.11.tgz?cache=0&sync_timestamp=1617321201900&other_urls=https%3A%2F%2Fregistry.npm.taobao.org%2F%40vue%2Freactivity%2Fdownload%2F%40vue%2Freactivity-3.0.11.tgz",
      "integrity": "sha1-B7WINJ/QViaxfzUAy+99S9tNvQs=",
      "requires": {
        "@vue/shared": "3.0.11"
      },
      "dependencies": {
        "@vue/shared": {
          "version": "3.0.11",
          "resolved": "https://registry.npm.taobao.org/@vue/shared/download/@vue/shared-3.0.11.tgz?cache=0&sync_timestamp=1617321216740&other_urls=https%3A%2F%2Fregistry.npm.taobao.org%2F%40vue%2Fshared%2Fdownload%2F%40vue%2Fshared-3.0.11.tgz",
          "integrity": "sha1-INIt0Np9NYuyHBf5vehigVJkLHc="
        }
      }
    },
    "@vue/runtime-core": {
      "version": "3.0.9",
      "resolved": "https://registry.npm.taobao.org/@vue/runtime-core/download/@vue/runtime-core-3.0.9.tgz?cache=0&sync_timestamp=1616859189040&other_urls=https%3A%2F%2Fregistry.npm.taobao.org%2F%40vue%2Fruntime-core%2Fdownload%2F%40vue%2Fruntime-core-3.0.9.tgz",
      "integrity": "sha1-lmXxSUaDVaUkowTLjyYBR6TSlOY=",
      "requires": {
        "@vue/reactivity": "3.0.9",
        "@vue/shared": "3.0.9"
      },
      "dependencies": {
        "@vue/reactivity": {
          "version": "3.0.9",
          "resolved": "https://registry.npm.taobao.org/@vue/reactivity/download/@vue/reactivity-3.0.9.tgz?cache=0&sync_timestamp=1617321201900&other_urls=https%3A%2F%2Fregistry.npm.taobao.org%2F%40vue%2Freactivity%2Fdownload%2F%40vue%2Freactivity-3.0.9.tgz",
          "integrity": "sha1-h18kG4wQJiVgsZDM3v8tCrcFPhE=",
          "requires": {
            "@vue/shared": "3.0.9"
          }
        }
      }
    },
    "@vue/runtime-dom": {
      "version": "3.0.9",
      "resolved": "https://registry.npm.taobao.org/@vue/runtime-dom/download/@vue/runtime-dom-3.0.9.tgz?cache=0&sync_timestamp=1616859383222&other_urls=https%3A%2F%2Fregistry.npm.taobao.org%2F%40vue%2Fruntime-dom%2Fdownload%2F%40vue%2Fruntime-dom-3.0.9.tgz",
      "integrity": "sha1-FqHQAdx0ap80buf7nekNUq0Je2E=",
      "requires": {
        "@vue/runtime-core": "3.0.9",
        "@vue/shared": "3.0.9",
        "csstype": "^2.6.8"
      }
    },
    "@vue/shared": {
      "version": "3.0.9",
      "resolved": "https://registry.npm.taobao.org/@vue/shared/download/@vue/shared-3.0.9.tgz",
      "integrity": "sha1-CYgtdF3tUrB+RIHQNmWdcz7dKpo="
    },
    "csstype": {
      "version": "2.6.16",
      "resolved": "https://registry.npm.taobao.org/csstype/download/csstype-2.6.16.tgz",
      "integrity": "sha1-VE1p9UcBO4WkDRW/912zjzT+nDk="
    },
    "estree-walker": {
      "version": "2.0.2",
      "resolved": "https://registry.npm.taobao.org/estree-walker/download/estree-walker-2.0.2.tgz",
      "integrity": "sha1-UvAQF4wqTBF6d1fP6UKtt9LaTKw="
    },
    "lodash": {
      "version": "4.17.21",
      "resolved": "https://registry.npm.taobao.org/lodash/download/lodash-4.17.21.tgz?cache=0&sync_timestamp=1613835817439&other_urls=https%3A%2F%2Fregistry.npm.taobao.org%2Flodash%2Fdownload%2Flodash-4.17.21.tgz",
      "integrity": "sha1-Z5WRxWTDv/quhFTPCz3zcMPWkRw="
    },
    "to-fast-properties": {
      "version": "2.0.0",
      "resolved": "https://registry.npm.taobao.org/to-fast-properties/download/to-fast-properties-2.0.0.tgz",
      "integrity": "sha1-3F5pjL0HkmW8c+A3doGk5Og/YW4="
    },
    "vue": {
      "version": "3.0.9",
      "resolved": "https://registry.npm.taobao.org/vue/download/vue-3.0.9.tgz?cache=0&sync_timestamp=1616859177211&other_urls=https%3A%2F%2Fregistry.npm.taobao.org%2Fvue%2Fdownload%2Fvue-3.0.9.tgz",
      "integrity": "sha1-xo/8DkqisPGQUSSpA3tuNS3kaa0=",
      "requires": {
        "@vue/compiler-dom": "3.0.9",
        "@vue/runtime-dom": "3.0.9",
        "@vue/shared": "3.0.9"
      }
    }
  }
}
